
Microsoft Visual Studio Solution File, Format Version 12.00
# Visual Studio Version 17
VisualStudioVersion = 17.4.33213.308
MinimumVisualStudioVersion = 10.0.40219.1
Project("{9A19103F-16F7-4668-BE54-9A1E7A4F7556}") = "DatabaseDeploymentReportConvertor", "DatabaseDeploymentReportConvertor\DatabaseDeploymentReportConvertor.csproj", "{6732E472-08AF-4CA4-B864-AF89D3D2D45E}"
EndProject
Global
	GlobalSection(SolutionConfigurationPlatforms) = preSolution
		Debug|Any CPU = Debug|Any CPU
		Release|Any CPU = Release|Any CPU
	EndGlobalSection
	GlobalSection(ProjectConfigurationPlatforms) = postSolution
		{6732E472-08AF-4CA4-B864-AF89D3D2D45E}.Debug|Any CPU.ActiveCfg = Debug|Any CPU
		{6732E472-08AF-4CA4-B864-AF89D3D2D45E}.Debug|Any CPU.Build.0 = Debug|Any CPU
		{6732E472-08AF-4CA4-B864-AF89D3D2D45E}.Release|Any CPU.ActiveCfg = Release|Any CPU
		{6732E472-08AF-4CA4-B864-AF89D3D2D45E}.Release|Any CPU.Build.0 = Release|Any CPU
	EndGlobalSection
	GlobalSection(SolutionProperties) = preSolution
		HideSolutionNode = FALSE
	EndGlobalSection
	GlobalSection(ExtensibilityGlobals) = postSolution
		SolutionGuid = {4AAB0653-F40A-4F03-AD83-49C6FBA07CE4}
	EndGlobalSection
EndGlobal
